
Microsoft Visual Studio Solution File, Format Version 12.00
# Visual Studio Version 16
VisualStudioVersion = 16.0.32630.194
MinimumVisualStudioVersion = 10.0.40219.1
Project("{FAE04EC0-301F-11D3-BF4B-00C04F79EFBC}") = "Cadastro-Cliente", "Cadastro-Cliente\Cadastro-Cliente.csproj", "{64ECFFC6-3F8F-49CB-9EB9-4FD480578522}"
EndProject
Global
	GlobalSection(SolutionConfigurationPlatforms) = preSolution
		Debug|Any CPU = Debug|Any CPU
		Release|Any CPU = Release|Any CPU
	EndGlobalSection
	GlobalSection(ProjectConfigurationPlatforms) = postSolution
		{64ECFFC6-3F8F-49CB-9EB9-4FD480578522}.Debug|Any CPU.ActiveCfg = Debug|Any CPU
		{64ECFFC6-3F8F-49CB-9EB9-4FD480578522}.Debug|Any CPU.Build.0 = Debug|Any CPU
		{64ECFFC6-3F8F-49CB-9EB9-4FD480578522}.Release|Any CPU.ActiveCfg = Release|Any CPU
		{64ECFFC6-3F8F-49CB-9EB9-4FD480578522}.Release|Any CPU.Build.0 = Release|Any CPU
	EndGlobalSection
	GlobalSection(SolutionProperties) = preSolution
		HideSolutionNode = FALSE
	EndGlobalSection
	GlobalSection(ExtensibilityGlobals) = postSolution
		SolutionGuid = {0A97B3AE-B3CF-4892-B168-1B30635F1F54}
	EndGlobalSection
EndGlobal
